// !$*UTF8*$!
{
	archiveVersion = 1;
	classes = {
	};
	objectVersion = 55;
	objects = {

/* Begin PBXBuildFile section */
		BD81F22A2CB738B50003C162 /* SoundViewController.swift in Sources */ = {isa = PBXBuildFile; fileRef = BD81F2292CB738B50003C162 /* SoundViewController.swift */; };
		BDFC9FBD2CB72A9200F35895 /* AppDelegate.swift in Sources */ = {isa = PBXBuildFile; fileRef = BDFC9FBC2CB72A9200F35895 /* AppDelegate.swift */; };
		BDFC9FBF2CB72A9200F35895 /* SceneDelegate.swift in Sources */ = {isa = PBXBuildFile; fileRef = BDFC9FBE2CB72A9200F35895 /* SceneDelegate.swift */; };
		BDFC9FC12CB72A9200F35895 /* ViewController.swift in Sources */ = {isa = PBXBuildFile; fileRef = BDFC9FC02CB72A9200F35895 /* ViewController.swift */; };
		BDFC9FC42CB72A9200F35895 /* Main.storyboard in Resources */ = {isa = PBXBuildFile; fileRef = BDFC9FC22CB72A9200F35895 /* Main.storyboard */; };
		BDFC9FC72CB72A9200F35895 /* PonceSoundBoard.xcdatamodeld in Sources */ = {isa = PBXBuildFile; fileRef = BDFC9FC52CB72A9200F35895 /* PonceSoundBoard.xcdatamodeld */; };
		BDFC9FC92CB72A9C00F35895 /* Assets.xcassets in Resources */ = {isa = PBXBuildFile; fileRef = BDFC9FC82CB72A9C00F35895 /* Assets.xcassets */; };
		BDFC9FCC2CB72A9C00F35895 /* LaunchScreen.storyboard in Resources */ = {isa = PBXBuildFile; fileRef = BDFC9FCA2CB72A9C00F35895 /* LaunchScreen.storyboard */; };
/* End PBXBuildFile section */

/* Begin PBXFileReference section */
		BD81F2292CB738B50003C162 /* SoundViewController.swift */ = {isa = PBXFileReference; lastKnownFileType = sourcecode.swift; path = SoundViewController.swift; sourceTree = "<group>"; };
		BDFC9FB92CB72A9200F35895 /* PonceSoundBoard.app */ = {isa = PBXFileReference; explicitFileType = wrapper.application; includeInIndex = 0; path = PonceSoundBoard.app; sourceTree = BUILT_PRODUCTS_DIR; };
		BDFC9FBC2CB72A9200F35895 /* AppDelegate.swift */ = {isa = PBXFileReference; lastKnownFileType = sourcecode.swift; path = AppDelegate.swift; sourceTree = "<group>"; };
		BDFC9FBE2CB72A9200F35895 /* SceneDelegate.swift */ = {isa = PBXFileReference; lastKnownFileType = sourcecode.swift; path = SceneDelegate.swift; sourceTree = "<group>"; };
		BDFC9FC02CB72A9200F35895 /* ViewController.swift */ = {isa = PBXFileReference; lastKnownFileType = sourcecode.swift; path = ViewController.swift; sourceTree = "<group>"; };
		BDFC9FC32CB72A9200F35895 /* Base */ = {isa = PBXFileReference; lastKnownFileType = file.storyboard; name = Base; path = Base.lproj/Main.storyboard; sourceTree = "<group>"; };
		BDFC9FC62CB72A9200F35895 /* PonceSoundBoard.xcdatamodel */ = {isa = PBXFileReference; lastKnownFileType = wrapper.xcdatamodel; path = PonceSoundBoard.xcdatamodel; sourceTree = "<group>"; };
		BDFC9FC82CB72A9C00F35895 /* Assets.xcassets */ = {isa = PBXFileReference; lastKnownFileType = folder.assetcatalog; path = Assets.xcassets; sourceTree = "<group>"; };
		BDFC9FCB2CB72A9C00F35895 /* Base */ = {isa = PBXFileReference; lastKnownFileType = file.storyboard; name = Base; path = Base.lproj/LaunchScreen.storyboard; sourceTree = "<group>"; };
		BDFC9FCD2CB72A9C00F35895 /* Info.plist */ = {isa = PBXFileReference; lastKnownFileType = text.plist.xml; path = Info.plist; sourceTree = "<group>"; };
/* End PBXFileReference section */

/* Begin PBXFrameworksBuildPhase section */
		BDFC9FB62CB72A9200F35895 /* Frameworks */ = {
			isa = PBXFrameworksBuildPhase;
			buildActionMask = 2147483647;
			files = (
			);
			runOnlyForDeploymentPostprocessing = 0;
		};
/* End PBXFrameworksBuildPhase section */

/* Begin PBXGroup section */
		BDFC9FB02CB72A9200F35895 = {
			isa = PBXGroup;
			children = (
				BDFC9FBB2CB72A9200F35895 /* PonceSoundBoard */,
				BDFC9FBA2CB72A9200F35895 /* Products */,
			);
			sourceTree = "<group>";
		};
		BDFC9FBA2CB72A9200F35895 /* Products */ = {
			isa = PBXGroup;
			children = (
				BDFC9FB92CB72A9200F35895 /* PonceSoundBoard.app */,
			);
			name = Products;
			sourceTree = "<group>";
		};
		BDFC9FBB2CB72A9200F35895 /* PonceSoundBoard */ = {
			isa = PBXGroup;
			children = (
				BDFC9FBC2CB72A9200F35895 /* AppDelegate.swift */,
				BDFC9FBE2CB72A9200F35895 /* SceneDelegate.swift */,
				BDFC9FC02CB72A9200F35895 /* ViewController.swift */,
				BDFC9FC22CB72A9200F35895 /* Main.storyboard */,
				BD81F2292CB738B50003C162 /* SoundViewController.swift */,
				BDFC9FC82CB72A9C00F35895 /* Assets.xcassets */,
				BDFC9FCA2CB72A9C00F35895 /* LaunchScreen.storyboard */,
				BDFC9FCD2CB72A9C00F35895 /* Info.plist */,
				BDFC9FC52CB72A9200F35895 /* PonceSoundBoard.xcdatamodeld */,
			);
			path = PonceSoundBoard;
			sourceTree = "<group>";
		};
/* End PBXGroup section */

/* Begin PBXNativeTarget section */
		BDFC9FB82CB72A9200F35895 /* PonceSoundBoard */ = {
			isa = PBXNativeTarget;
			buildConfigurationList = BDFC9FD02CB72A9C00F35895 /* Build configuration list for PBXNativeTarget "PonceSoundBoard" */;
			buildPhases = (
				BDFC9FB52CB72A9200F35895 /* Sources */,
				BDFC9FB62CB72A9200F35895 /* Frameworks */,
				BDFC9FB72CB72A9200F35895 /* Resources */,
			);
			buildRules = (
			);
			dependencies = (
			);
			name = PonceSoundBoard;
			productName = PonceSoundBoard;
			productReference = BDFC9FB92CB72A9200F35895 /* PonceSoundBoard.app */;
			productType = "com.apple.product-type.application";
		};
/* End PBXNativeTarget section */

/* Begin PBXProject section */
		BDFC9FB12CB72A9200F35895 /* Project object */ = {
			isa = PBXProject;
			attributes = {
				BuildIndependentTargetsInParallel = 1;
				LastSwiftUpdateCheck = 1330;
				LastUpgradeCheck = 1330;
				TargetAttributes = {
					BDFC9FB82CB72A9200F35895 = {
						CreatedOnToolsVersion = 13.3;
					};
				};
			};
			buildConfigurationList = BDFC9FB42CB72A9200F35895 /* Build configuration list for PBXProject "PonceSoundBoard" */;
			compatibilityVersion = "Xcode 13.0";
			developmentRegion = en;
			hasScannedForEncodings = 0;
			knownRegions = (
				en,
				Base,
			);
			mainGroup = BDFC9FB02CB72A9200F35895;
			productRefGroup = BDFC9FBA2CB72A9200F35895 /* Products */;
			projectDirPath = "";
			projectRoot = "";
			targets = (
				BDFC9FB82CB72A9200F35895 /* PonceSoundBoard */,
			);
		};
/* End PBXProject section */

/* Begin PBXResourcesBuildPhase section */
		BDFC9FB72CB72A9200F35895 /* Resources */ = {
			isa = PBXResourcesBuildPhase;
			buildActionMask = 2147483647;
			files = (
				BDFC9FCC2CB72A9C00F35895 /* LaunchScreen.storyboard in Resources */,
				BDFC9FC92CB72A9C00F35895 /* Assets.xcassets in Resources */,
				BDFC9FC42CB72A9200F35895 /* Main.storyboard in Resources */,
			);
			runOnlyForDeploymentPostprocessing = 0;
		};
/* End PBXResourcesBuildPhase section */

/* Begin PBXSourcesBuildPhase section */
		BDFC9FB52CB72A9200F35895 /* Sources */ = {
			isa = PBXSourcesBuildPhase;
			buildActionMask = 2147483647;
			files = (
				BDFC9FC12CB72A9200F35895 /* ViewController.swift in Sources */,
				BDFC9FBD2CB72A9200F35895 /* AppDelegate.swift in Sources */,
				BDFC9FC72CB72A9200F35895 /* PonceSoundBoard.xcdatamodeld in Sources */,
				BDFC9FBF2CB72A9200F35895 /* SceneDelegate.swift in Sources */,
				BD81F22A2CB738B50003C162 /* SoundViewController.swift in Sources */,
			);
			runOnlyForDeploymentPostprocessing = 0;
		};
/* End PBXSourcesBuildPhase section */

/* Begin PBXVariantGroup section */
		BDFC9FC22CB72A9200F35895 /* Main.storyboard */ = {
			isa = PBXVariantGroup;
			children = (
				BDFC9FC32CB72A9200F35895 /* Base */,
			);
			name = Main.storyboard;
			sourceTree = "<group>";
		};
		BDFC9FCA2CB72A9C00F35895 /* LaunchScreen.storyboard */ = {
			isa = PBXVariantGroup;
			children = (
				BDFC9FCB2CB72A9C00F35895 /* Base */,
			);
			name = LaunchScreen.storyboard;
			sourceTree = "<group>";
		};
/* End PBXVariantGroup section */

/* Begin XCBuildConfiguration section */
		BDFC9FCE2CB72A9C00F35895 /* Debug */ = {
			isa = XCBuildConfiguration;
			buildSettings = {
				ALWAYS_SEARCH_USER_PATHS = NO;
				CLANG_ANALYZER_NONNULL = YES;
				CLANG_ANALYZER_NUMBER_OBJECT_CONVERSION = YES_AGGRESSIVE;
				CLANG_CXX_LANGUAGE_STANDARD = "gnu++17";
				CLANG_ENABLE_MODULES = YES;
				CLANG_ENABLE_OBJC_ARC = YES;
				CLANG_ENABLE_OBJC_WEAK = YES;
				CLANG_WARN_BLOCK_CAPTURE_AUTORELEASING = YES;
				CLANG_WARN_BOOL_CONVERSION = YES;
				CLANG_WARN_COMMA = YES;
				CLANG_WARN_CONSTANT_CONVERSION = YES;
				CLANG_WARN_DEPRECATED_OBJC_IMPLEMENTATIONS = YES;
				CLANG_WARN_DIRECT_OBJC_ISA_USAGE = YES_ERROR;
				CLANG_WARN_DOCUMENTATION_COMMENTS = YES;
				CLANG_WARN_EMPTY_BODY = YES;
				CLANG_WARN_ENUM_CONVERSION = YES;
				CLANG_WARN_INFINITE_RECURSION = YES;
				CLANG_WARN_INT_CONVERSION = YES;
				CLANG_WARN_NON_LITERAL_NULL_CONVERSION = YES;
				CLANG_WARN_OBJC_IMPLICIT_RETAIN_SELF = YES;
				CLANG_WARN_OBJC_LITERAL_CONVERSION = YES;
				CLANG_WARN_OBJC_ROOT_CLASS = YES_ERROR;
				CLANG_WARN_QUOTED_INCLUDE_IN_FRAMEWORK_HEADER = YES;
				CLANG_WARN_RANGE_LOOP_ANALYSIS = YES;
				CLANG_WARN_STRICT_PROTOTYPES = YES;
				CLANG_WARN_SUSPICIOUS_MOVE = YES;
				CLANG_WARN_UNGUARDED_AVAILABILITY = YES_AGGRESSIVE;
				CLANG_WARN_UNREACHABLE_CODE = YES;
				CLANG_WARN__DUPLICATE_METHOD_MATCH = YES;
				COPY_PHASE_STRIP = NO;
				DEBUG_INFORMATION_FORMAT = dwarf;
				ENABLE_STRICT_OBJC_MSGSEND = YES;
				ENABLE_TESTABILITY = YES;
				GCC_C_LANGUAGE_STANDARD = gnu11;
				GCC_DYNAMIC_NO_PIC = NO;
				GCC_NO_COMMON_BLOCKS = YES;
				GCC_OPTIMIZATION_LEVEL = 0;
				GCC_PREPROCESSOR_DEFINITIONS = (
					"DEBUG=1",
					"$(inherited)",
				);
				GCC_WARN_64_TO_32_BIT_CONVERSION = YES;
				GCC_WARN_ABOUT_RETURN_TYPE = YES_ERROR;
				GCC_WARN_UNDECLARED_SELECTOR = YES;
				GCC_WARN_UNINITIALIZED_AUTOS = YES_AGGRESSIVE;
				GCC_WARN_UNUSED_FUNCTION = YES;
				GCC_WARN_UNUSED_VARIABLE = YES;
				IPHONEOS_DEPLOYMENT_TARGET = 15.4;
				MTL_ENABLE_DEBUG_INFO = INCLUDE_SOURCE;
				MTL_FAST_MATH = YES;
				ONLY_ACTIVE_ARCH = YES;
				SDKROOT = iphoneos;
				SWIFT_ACTIVE_COMPILATION_CONDITIONS = DEBUG;
				SWIFT_OPTIMIZATION_LEVEL = "-Onone";
			};
			name = Debug;
		};
		BDFC9FCF2CB72A9C00F35895 /* Release */ = {
			isa = XCBuildConfiguration;
			buildSettings = {
				ALWAYS_SEARCH_USER_PATHS = NO;
				CLANG_ANALYZER_NONNULL = YES;
				CLANG_ANALYZER_NUMBER_OBJECT_CONVERSION = YES_AGGRESSIVE;
				CLANG_CXX_LANGUAGE_STANDARD = "gnu++17";
				CLANG_ENABLE_MODULES = YES;
				CLANG_ENABLE_OBJC_ARC = YES;
				CLANG_ENABLE_OBJC_WEAK = YES;
				CLANG_WARN_BLOCK_CAPTURE_AUTORELEASING = YES;
				CLANG_WARN_BOOL_CONVERSION = YES;
				CLANG_WARN_COMMA = YES;
				CLANG_WARN_CONSTANT_CONVERSION = YES;
				CLANG_WARN_DEPRECATED_OBJC_IMPLEMENTATIONS = YES;
				CLANG_WARN_DIRECT_OBJC_ISA_USAGE = YES_ERROR;
				CLANG_WARN_DOCUMENTATION_COMMENTS = YES;
				CLANG_WARN_EMPTY_BODY = YES;
				CLANG_WARN_ENUM_CONVERSION = YES;
				CLANG_WARN_INFINITE_RECURSION = YES;
				CLANG_WARN_INT_CONVERSION = YES;
				CLANG_WARN_NON_LITERAL_NULL_CONVERSION = YES;
				CLANG_WARN_OBJC_IMPLICIT_RETAIN_SELF = YES;
				CLANG_WARN_OBJC_LITERAL_CONVERSION = YES;
				CLANG_WARN_OBJC_ROOT_CLASS = YES_ERROR;
				CLANG_WARN_QUOTED_INCLUDE_IN_FRAMEWORK_HEADER = YES;
				CLANG_WARN_RANGE_LOOP_ANALYSIS = YES;
				CLANG_WARN_STRICT_PROTOTYPES = YES;
				CLANG_WARN_SUSPICIOUS_MOVE = YES;
				CLANG_WARN_UNGUARDED_AVAILABILITY = YES_AGGRESSIVE;
				CLANG_WARN_UNREACHABLE_CODE = YES;
				CLANG_WARN__DUPLICATE_METHOD_MATCH = YES;
				COPY_PHASE_STRIP = NO;
				DEBUG_INFORMATION_FORMAT = "dwarf-with-dsym";
				ENABLE_NS_ASSERTIONS = NO;
				ENABLE_STRICT_OBJC_MSGSEND = YES;
				GCC_C_LANGUAGE_STANDARD = gnu11;
				GCC_NO_COMMON_BLOCKS = YES;
				GCC_WARN_64_TO_32_BIT_CONVERSION = YES;
				GCC_WARN_ABOUT_RETURN_TYPE = YES_ERROR;
				GCC_WARN_UNDECLARED_SELECTOR = YES;
				GCC_WARN_UNINITIALIZED_AUTOS = YES_AGGRESSIVE;
				GCC_WARN_UNUSED_FUNCTION = YES;
				GCC_WARN_UNUSED_VARIABLE = YES;
				IPHONEOS_DEPLOYMENT_TARGET = 15.4;
				MTL_ENABLE_DEBUG_INFO = NO;
				MTL_FAST_MATH = YES;
				SDKROOT = iphoneos;
				SWIFT_COMPILATION_MODE = wholemodule;
				SWIFT_OPTIMIZATION_LEVEL = "-O";
				VALIDATE_PRODUCT = YES;
			};
			name = Release;
		};
		BDFC9FD12CB72A9C00F35895 /* Debug */ = {
			isa = XCBuildConfiguration;
			buildSettings = {
				ASSETCATALOG_COMPILER_APPICON_NAME = AppIcon;
				ASSETCATALOG_COMPILER_GLOBAL_ACCENT_COLOR_NAME = AccentColor;
				CODE_SIGN_STYLE = Automatic;
				CURRENT_PROJECT_VERSION = 1;
				GENERATE_INFOPLIST_FILE = YES;
				INFOPLIST_FILE = PonceSoundBoard/Info.plist;
				INFOPLIST_KEY_UIApplicationSupportsIndirectInputEvents = YES;
				INFOPLIST_KEY_UILaunchStoryboardName = LaunchScreen;
				INFOPLIST_KEY_UIMainStoryboardFile = Main;
				INFOPLIST_KEY_UISupportedInterfaceOrientations_iPad = "UIInterfaceOrientationPortrait UIInterfaceOrientationPortraitUpsideDown UIInterfaceOrientationLandscapeLeft UIInterfaceOrientationLandscapeRight";
				INFOPLIST_KEY_UISupportedInterfaceOrientations_iPhone = "UIInterfaceOrientationPortrait UIInterfaceOrientationLandscapeLeft UIInterfaceOrientationLandscapeRight";
				LD_RUNPATH_SEARCH_PATHS = (
					"$(inherited)",
					"@executable_path/Frameworks",
				);
				MARKETING_VERSION = 1.0;
				PRODUCT_BUNDLE_IDENTIFIER = empresa.PonceSoundBoard;
				PRODUCT_NAME = "$(TARGET_NAME)";
				SWIFT_EMIT_LOC_STRINGS = YES;
				SWIFT_VERSION = 5.0;
				TARGETED_DEVICE_FAMILY = "1,2";
			};
			name = Debug;
		};
		BDFC9FD22CB72A9C00F35895 /* Release */ = {
			isa = XCBuildConfiguration;
			buildSettings = {
				ASSETCATALOG_COMPILER_APPICON_NAME = AppIcon;
				ASSETCATALOG_COMPILER_GLOBAL_ACCENT_COLOR_NAME = AccentColor;
				CODE_SIGN_STYLE = Automatic;
				CURRENT_PROJECT_VERSION = 1;
				GENERATE_INFOPLIST_FILE = YES;
				INFOPLIST_FILE = PonceSoundBoard/Info.plist;
				INFOPLIST_KEY_UIApplicationSupportsIndirectInputEvents = YES;
				INFOPLIST_KEY_UILaunchStoryboardName = LaunchScreen;
				INFOPLIST_KEY_UIMainStoryboardFile = Main;
				INFOPLIST_KEY_UISupportedInterfaceOrientations_iPad = "UIInterfaceOrientationPortrait UIInterfaceOrientationPortraitUpsideDown UIInterfaceOrientationLandscapeLeft UIInterfaceOrientationLandscapeRight";
				INFOPLIST_KEY_UISupportedInterfaceOrientations_iPhone = "UIInterfaceOrientationPortrait UIInterfaceOrientationLandscapeLeft UIInterfaceOrientationLandscapeRight";
				LD_RUNPATH_SEARCH_PATHS = (
					"$(inherited)",
					"@executable_path/Frameworks",
				);
				MARKETING_VERSION = 1.0;
				PRODUCT_BUNDLE_IDENTIFIER = empresa.PonceSoundBoard;
				PRODUCT_NAME = "$(TARGET_NAME)";
				SWIFT_EMIT_LOC_STRINGS = YES;
				SWIFT_VERSION = 5.0;
				TARGETED_DEVICE_FAMILY = "1,2";
			};
			name = Release;
		};
/* End XCBuildConfiguration section */

/* Begin XCConfigurationList section */
		BDFC9FB42CB72A9200F35895 /* Build configuration list for PBXProject "PonceSoundBoard" */ = {
			isa = XCConfigurationList;
			buildConfigurations = (
				BDFC9FCE2CB72A9C00F35895 /* Debug */,
				BDFC9FCF2CB72A9C00F35895 /* Release */,
			);
			defaultConfigurationIsVisible = 0;
			defaultConfigurationName = Release;
		};
		BDFC9FD02CB72A9C00F35895 /* Build configuration list for PBXNativeTarget "PonceSoundBoard" */ = {
			isa = XCConfigurationList;
			buildConfigurations = (
				BDFC9FD12CB72A9C00F35895 /* Debug */,
				BDFC9FD22CB72A9C00F35895 /* Release */,
			);
			defaultConfigurationIsVisible = 0;
			defaultConfigurationName = Release;
		};
/* End XCConfigurationList section */

/* Begin XCVersionGroup section */
		BDFC9FC52CB72A9200F35895 /* PonceSoundBoard.xcdatamodeld */ = {
			isa = XCVersionGroup;
			children = (
				BDFC9FC62CB72A9200F35895 /* PonceSoundBoard.xcdatamodel */,
			);
			currentVersion = BDFC9FC62CB72A9200F35895 /* PonceSoundBoard.xcdatamodel */;
			path = PonceSoundBoard.xcdatamodeld;
			sourceTree = "<group>";
			versionGroupType = wrapper.xcdatamodel;
		};
/* End XCVersionGroup section */
	};
	rootObject = BDFC9FB12CB72A9200F35895 /* Project object */;
}
